{
  "nodes": {
    "nixpkgs": {
      "locked": {
        "lastModified": 1789546076,
        "narHash": "sha256-zVxLZiSnmaaPLwnhj7pwmqe3axBg/C6nG5JZsJMh2g4=",
        "owner": "NixOS",
        "repo": "nixpkgs",
        "rev": "b1b875982b17dabde9b4a37f3e229e74913e6db3",
        "type": "github"
      },
      "original": {
        "owner": "NixOS",
        "ref": "nixos-unstable",
        "repo": "nixpkgs",
        "type": "github"
      }
    },
    "pi": {
      "flake": false,
      "locked": {
        "lastModified": 1788609286,
        "narHash": "sha256-gU8BSiqqOYt2RRuQONHHGvZeSM5KFQVrwif9bmuUXUc=",
        "owner": "earendil-works",
        "repo": "pi",
        "rev": "d981de1229ef899957bbe968bc8dcda02a21f477",
        "type": "github"
      },
      "original": {
        "owner": "earendil-works",
        "ref": "v0.85.1",
        "repo": "pi",
        "type": "github"
      }
    },
    "root": {
      "inputs": {
        "nixpkgs": "nixpkgs",
        "pi": "pi"
      }
    }
  },
  "root": "root",
  "version": 7
}
